{
  "name": "SkiaWebSample",
  "lockfileVersion": 3,
  "requires": true,
  "packages": {
    "": {
      "dependencies": {
        "@kmamal/sdl": "^0.11.13",
        "node-gles-webgl2": "0.4.0"
      }
    },
    "node_modules/@dsafdsaf132/node-gles-webgl2-darwin-arm64": {
      "version": "0.4.0",
      "resolved": "https://registry.npmjs.org/@dsafdsaf132/node-gles-webgl2-darwin-arm64/-/node-gles-webgl2-darwin-arm64-0.4.0.tgz",
      "integrity": "sha512-eARZ5Xw/gXOdLqOxNfMz8RYMeNLLy7dMc4gmlETFFlSmmow80idm5K9H/BvWwApYAcQcW9hZ2tXqq41Wor4xQQ==",
      "cpu": [
        "arm64"
      ],
      "license": "BSD-3-Clause",
      "optional": true,
      "os": [
        "darwin"
      ]
    },
    "node_modules/@dsafdsaf132/node-gles-webgl2-darwin-x64": {
      "version": "0.4.0",
      "resolved": "https://registry.npmjs.org/@dsafdsaf132/node-gles-webgl2-darwin-x64/-/node-gles-webgl2-darwin-x64-0.4.0.tgz",
      "integrity": "sha512-6pn2GPNBFDNyxM2cK1s78iE0BmVSF1hEAw4rcDydSC7BuMLOLbqZTZZaH4ucAB9Y178ZsungHe3PZwnZCh00wA==",
      "cpu": [
        "x64"
      ],
      "license": "BSD-3-Clause",
      "optional": true,
      "os": [
        "darwin"
      ]
    },
    "node_modules/@dsafdsaf132/node-gles-webgl2-linux-arm64": {
      "version": "0.4.0",
      "resolved": "https://registry.npmjs.org/@dsafdsaf132/node-gles-webgl2-linux-arm64/-/node-gles-webgl2-linux-arm64-0.4.0.tgz",
      "integrity": "sha512-suPpVvouhJ6iXzPB+pzTFsJsir/qQ0Kfhy99PNsrqCKL5Al7CHKG0JtgIKQFbbAy5E/j5Om8R9vKIBi177LO0w==",
      "cpu": [
        "arm64"
      ],
      "license": "BSD-3-Clause",
      "optional": true,
      "os": [
        "linux"
      ]
    },
    "node_modules/@dsafdsaf132/node-gles-webgl2-linux-x64": {
      "version": "0.4.0",
      "resolved": "https://registry.npmjs.org/@dsafdsaf132/node-gles-webgl2-linux-x64/-/node-gles-webgl2-linux-x64-0.4.0.tgz",
      "integrity": "sha512-r3xzlwkSqh2Q4zW3kv/sZUadz5ubSMYWJkPMV8Qc7N/TgufDOmGdCUM3wc7HnsKPAu0nK8kKAecMldgcxaeqXg==",
      "cpu": [
        "x64"
      ],
      "license": "BSD-3-Clause",
      "optional": true,
      "os": [
        "linux"
      ]
    },
    "node_modules/@dsafdsaf132/node-gles-webgl2-win32-arm64": {
      "version": "0.4.0",
      "resolved": "https://registry.npmjs.org/@dsafdsaf132/node-gles-webgl2-win32-arm64/-/node-gles-webgl2-win32-arm64-0.4.0.tgz",
      "integrity": "sha512-rMQ/xfsDtr3VZSO0ysajO48Uy7L1a56jgS0Q7LUwnJxXmWGtZSBEqo82V73DXfoBwp46a/6azcZGNROhxked4A==",
      "cpu": [
        "arm64"
      ],
      "license": "BSD-3-Clause",
      "optional": true,
      "os": [
        "win32"
      ]
    },
    "node_modules/@dsafdsaf132/node-gles-webgl2-win32-x64": {
      "version": "0.4.0",
      "resolved": "https://registry.npmjs.org/@dsafdsaf132/node-gles-webgl2-win32-x64/-/node-gles-webgl2-win32-x64-0.4.0.tgz",
      "integrity": "sha512-EelML6Lp+iybdhDBtJCuRYB5pEmukh1W32gOReoqx04jYqvNu03LVQwFtLU0oc1tw27jWlXAKo1UYmNte6lqcQ==",
      "cpu": [
        "x64"
      ],
      "license": "BSD-3-Clause",
      "optional": true,
      "os": [
        "win32"
      ]
    },
    "node_modules/@isaacs/fs-minipass": {
      "version": "4.0.1",
      "resolved": "https://registry.npmjs.org/@isaacs/fs-minipass/-/fs-minipass-4.0.1.tgz",
      "integrity": "sha512-wgm9Ehl2jpeqP3zw/7mo3kRHFp5MEDhqAdwy1fTGkHAwnkGOVsgpvQhL8B5n1qlb01jV3n/bI0ZfZp5lWA1k4w==",
      "license": "ISC",
      "dependencies": {
        "minipass": "^7.0.4"
      },
      "engines": {
        "node": ">=18.0.0"
      }
    },
    "node_modules/@kmamal/sdl": {
      "version": "0.11.13",
      "resolved": "https://registry.npmjs.org/@kmamal/sdl/-/sdl-0.11.13.tgz",
      "integrity": "sha512-9WmxYNtCggi7Ovq1cU7m/s5WXD/+eKQxDMnL3bU8B5vr5GlaLg4xLykDCpcbWKkJJ2i6llTrdL7LiqikwDFz4w==",
      "hasInstallScript": true,
      "license": "MIT",
      "dependencies": {
        "tar": "^7.4.3"
      }
    },
    "node_modules/bindings": {
      "version": "1.5.0",
      "resolved": "https://registry.npmjs.org/bindings/-/bindings-1.5.0.tgz",
      "integrity": "sha512-p2q/t/mhvuOj/UeLlV6566GD/guowlr0hHxClI0W9m7MWYkL1F0hLo+0Aexs9HSPCtR1SXQ0TD3MMKrXZajbiQ==",
      "license": "MIT",
      "dependencies": {
        "file-uri-to-path": "1.0.0"
      }
    },
    "node_modules/chownr": {
      "version": "3.0.0",
      "resolved": "https://registry.npmjs.org/chownr/-/chownr-3.0.0.tgz",
      "integrity": "sha512-+IxzY9BZOQd/XuYPRmrvEVjF/nqj5kgT4kEq7VofrDoM1MxoRjEWkrCC3EtLi59TVawxTAn+orJwFQcrqEN1+g==",
      "license": "BlueOak-1.0.0",
      "engines": {
        "node": ">=18"
      }
    },
    "node_modules/file-uri-to-path": {
      "version": "1.0.0",
      "resolved": "https://registry.npmjs.org/file-uri-to-path/-/file-uri-to-path-1.0.0.tgz",
      "integrity": "sha512-0Zt+s3L7Vf1biwWZ29aARiVYLx7iMGnEUl9x33fbB/j3jR81u/O2LbqK+Bm1CDSNDKVtJ/YjwY7TUd5SkeLQLw==",
      "license": "MIT"
    },
    "node_modules/minipass": {
      "version": "7.1.3",
      "resolved": "https://registry.npmjs.org/minipass/-/minipass-7.1.3.tgz",
      "integrity": "sha512-tEBHqDnIoM/1rXME1zgka9g6Q2lcoCkxHLuc7ODJ5BxbP5d4c2Z5cGgtXAku59200Cx7diuHTOYfSBD8n6mm8A==",
      "license": "BlueOak-1.0.0",
      "engines": {
        "node": ">=16 || 14 >=14.17"
      }
    },
    "node_modules/minizlib": {
      "version": "3.1.0",
      "resolved": "https://registry.npmjs.org/minizlib/-/minizlib-3.1.0.tgz",
      "integrity": "sha512-KZxYo1BUkWD2TVFLr0MQoM8vUUigWD3LlD83a/75BqC+4qE0Hb1Vo5v1FgcfaNXvfXzr+5EhQ6ing/CaBijTlw==",
      "license": "MIT",
      "dependencies": {
        "minipass": "^7.1.2"
      },
      "engines": {
        "node": ">= 18"
      }
    },
    "node_modules/node-gles-webgl2": {
      "version": "0.4.0",
      "resolved": "https://registry.npmjs.org/node-gles-webgl2/-/node-gles-webgl2-0.4.0.tgz",
      "integrity": "sha512-Fi7Q3yLl1a7MKKeXAuYciY99cpEvmxh1IsHNJBVTBZ4MUM9Mg5Bqwu2BKI0nCfLlX+e12qlL9Eqo6J04SqOooA==",
      "hasInstallScript": true,
      "license": "Apache-2.0",
      "dependencies": {
        "bindings": "^1.3.0"
      },
      "engines": {
        "node": ">=12.0.0"
      },
      "optionalDependencies": {
        "@dsafdsaf132/node-gles-webgl2-darwin-arm64": "0.4.0",
        "@dsafdsaf132/node-gles-webgl2-darwin-x64": "0.4.0",
        "@dsafdsaf132/node-gles-webgl2-linux-arm64": "0.4.0",
        "@dsafdsaf132/node-gles-webgl2-linux-x64": "0.4.0",
        "@dsafdsaf132/node-gles-webgl2-win32-arm64": "0.4.0",
        "@dsafdsaf132/node-gles-webgl2-win32-x64": "0.4.0"
      }
    },
    "node_modules/tar": {
      "version": "7.5.22",
      "resolved": "https://registry.npmjs.org/tar/-/tar-7.5.22.tgz",
      "integrity": "sha512-MFO/QzvtAOmJbkhOaCTvbGcFN9L9b+JunIsDwaKljSOdcLMea3NJ1k9Usz/rjdfSXTq4dfzfeS7W4p4YOAAHeA==",
      "license": "BlueOak-1.0.0",
      "dependencies": {
        "@isaacs/fs-minipass": "^4.0.0",
        "chownr": "^3.0.0",
        "minipass": "^7.1.2",
        "minizlib": "^3.1.0",
        "yallist": "^5.0.0"
      },
      "engines": {
        "node": ">=18"
      }
    },
    "node_modules/yallist": {
      "version": "5.0.0",
      "resolved": "https://registry.npmjs.org/yallist/-/yallist-5.0.0.tgz",
      "integrity": "sha512-YgvUTfwqyc7UXVMrB+SImsVYSmTS8X/tSrtdNZMImM+n7+QTriRXyXim0mBrTXNeqzVF0KWGgHPeiyViFFrNDw==",
      "license": "BlueOak-1.0.0",
      "engines": {
        "node": ">=18"
      }
    }
  }
}
